
Microsoft Visual Studio Solution File, Format Version 12.00
Project("{FAE04EC0-301F-11D3-BF4B-00C04F79EFBC}") = "TelolRace", "TelolRace\TelolRace.csproj", "{C86DD454-1C3A-4580-80CE-3A1065F6F530}"
EndProject
Global
	GlobalSection(SolutionConfigurationPlatforms) = preSolution
		Debug|Any CPU = Debug|Any CPU
		Release|Any CPU = Release|Any CPU
	EndGlobalSection
	GlobalSection(ProjectConfigurationPlatforms) = postSolution
		{C86DD454-1C3A-4580-80CE-3A1065F6F530}.Debug|Any CPU.ActiveCfg = Debug|Any CPU
		{C86DD454-1C3A-4580-80CE-3A1065F6F530}.Debug|Any CPU.Build.0 = Debug|Any CPU
		{C86DD454-1C3A-4580-80CE-3A1065F6F530}.Release|Any CPU.ActiveCfg = Release|Any CPU
		{C86DD454-1C3A-4580-80CE-3A1065F6F530}.Release|Any CPU.Build.0 = Release|Any CPU
	EndGlobalSection
EndGlobal
